
Microsoft Visual Studio Solution File, Format Version 12.00
# Visual Studio Version 17
VisualStudioVersion = 17.3.32922.545
MinimumVisualStudioVersion = 10.0.40219.1
Project("{FAE04EC0-301F-11D3-BF4B-00C04F79EFBC}") = "sposobWalkiRPG", "sposobWalkiRPG\sposobWalkiRPG.csproj", "{E69617A7-1867-4627-9FAE-D701CF4B2419}"
EndProject
Global
	GlobalSection(SolutionConfigurationPlatforms) = preSolution
		Debug|Any CPU = Debug|Any CPU
		Release|Any CPU = Release|Any CPU
	EndGlobalSection
	GlobalSection(ProjectConfigurationPlatforms) = postSolution
		{E69617A7-1867-4627-9FAE-D701CF4B2419}.Debug|Any CPU.ActiveCfg = Debug|Any CPU
		{E69617A7-1867-4627-9FAE-D701CF4B2419}.Debug|Any CPU.Build.0 = Debug|Any CPU
		{E69617A7-1867-4627-9FAE-D701CF4B2419}.Release|Any CPU.ActiveCfg = Release|Any CPU
		{E69617A7-1867-4627-9FAE-D701CF4B2419}.Release|Any CPU.Build.0 = Release|Any CPU
	EndGlobalSection
	GlobalSection(SolutionProperties) = preSolution
		HideSolutionNode = FALSE
	EndGlobalSection
	GlobalSection(ExtensibilityGlobals) = postSolution
		SolutionGuid = {6FA80280-F3E1-4C04-89AC-A4B85B31FC6A}
	EndGlobalSection
EndGlobal
